// !$*UTF8*$!
{
	archiveVersion = 1;
	classes = {
	};
	objectVersion = 46;
	objects = {

/* Begin PBXBuildFile section */
		D202D6901B0DB35700F957C7 /* Miles.swift in Sources */ = {isa = PBXBuildFile; fileRef = D208801B1A92020B00C6D7AC /* Miles.swift */; };
		D20880071A9201C100C6D7AC /* Miles.h in Headers */ = {isa = PBXBuildFile; fileRef = D20880061A9201C100C6D7AC /* Miles.h */; settings = {ATTRIBUTES = (Public, ); }; };
		D208801E1A9202BF00C6D7AC /* MilesTests.swift in Sources */ = {isa = PBXBuildFile; fileRef = D20880131A9201C100C6D7AC /* MilesTests.swift */; };
		D24F59791A920FC10055C9F1 /* Miles.swift in Sources */ = {isa = PBXBuildFile; fileRef = D208801B1A92020B00C6D7AC /* Miles.swift */; };
		D2AB201F1B336E8500807B22 /* Miles.framework in Frameworks */ = {isa = PBXBuildFile; fileRef = D202D6771B0DB33500F957C7 /* Miles.framework */; };
		D2AB20251B336E8900807B22 /* MilesTests.swift in Sources */ = {isa = PBXBuildFile; fileRef = D20880131A9201C100C6D7AC /* MilesTests.swift */; };
		D2F3A00B1B0E11B900986587 /* Miles.h in Headers */ = {isa = PBXBuildFile; fileRef = D20880061A9201C100C6D7AC /* Miles.h */; settings = {ATTRIBUTES = (Public, ); }; };
/* End PBXBuildFile section */

/* Begin PBXContainerItemProxy section */
		D20880221A920EC600C6D7AC /* PBXContainerItemProxy */ = {
			isa = PBXContainerItemProxy;
			containerPortal = D20AD9521A91D15D0043E5C5 /* Project object */;
			proxyType = 1;
			remoteGlobalIDString = D20880011A9201C100C6D7AC;
			remoteInfo = Miles;
		};
		D2AB20201B336E8500807B22 /* PBXContainerItemProxy */ = {
			isa = PBXContainerItemProxy;
			containerPortal = D20AD9521A91D15D0043E5C5 /* Project object */;
			proxyType = 1;
			remoteGlobalIDString = D202D6761B0DB33500F957C7;
			remoteInfo = "Miles-Mac";
		};
/* End PBXContainerItemProxy section */

/* Begin PBXFileReference section */
		D202D6771B0DB33500F957C7 /* Miles.framework */ = {isa = PBXFileReference; explicitFileType = wrapper.framework; includeInIndex = 0; path = Miles.framework; sourceTree = BUILT_PRODUCTS_DIR; };
		D20880021A9201C100C6D7AC /* Miles.framework */ = {isa = PBXFileReference; explicitFileType = wrapper.framework; includeInIndex = 0; path = Miles.framework; sourceTree = BUILT_PRODUCTS_DIR; };
		D20880051A9201C100C6D7AC /* Info.plist */ = {isa = PBXFileReference; lastKnownFileType = text.plist.xml; path = Info.plist; sourceTree = "<group>"; };
		D20880061A9201C100C6D7AC /* Miles.h */ = {isa = PBXFileReference; lastKnownFileType = sourcecode.c.h; path = Miles.h; sourceTree = "<group>"; };
		D20880121A9201C100C6D7AC /* Info.plist */ = {isa = PBXFileReference; lastKnownFileType = text.plist.xml; path = Info.plist; sourceTree = "<group>"; };
		D20880131A9201C100C6D7AC /* MilesTests.swift */ = {isa = PBXFileReference; lastKnownFileType = sourcecode.swift; path = MilesTests.swift; sourceTree = "<group>"; };
		D208801B1A92020B00C6D7AC /* Miles.swift */ = {isa = PBXFileReference; fileEncoding = 4; lastKnownFileType = sourcecode.swift; path = Miles.swift; sourceTree = "<group>"; };
		D20AD96F1A91D15E0043E5C5 /* Miles-iOSTests.xctest */ = {isa = PBXFileReference; explicitFileType = wrapper.cfbundle; includeInIndex = 0; path = "Miles-iOSTests.xctest"; sourceTree = BUILT_PRODUCTS_DIR; };
		D2AB201A1B336E8500807B22 /* Miles-OSXTests.xctest */ = {isa = PBXFileReference; explicitFileType = wrapper.cfbundle; includeInIndex = 0; path = "Miles-OSXTests.xctest"; sourceTree = BUILT_PRODUCTS_DIR; };
/* End PBXFileReference section */

/* Begin PBXFrameworksBuildPhase section */
		D202D6731B0DB33500F957C7 /* Frameworks */ = {
			isa = PBXFrameworksBuildPhase;
			buildActionMask = 2147483647;
			files = (
			);
			runOnlyForDeploymentPostprocessing = 0;
		};
		D2087FFE1A9201C100C6D7AC /* Frameworks */ = {
			isa = PBXFrameworksBuildPhase;
			buildActionMask = 2147483647;
			files = (
			);
			runOnlyForDeploymentPostprocessing = 0;
		};
		D20AD96C1A91D15E0043E5C5 /* Frameworks */ = {
			isa = PBXFrameworksBuildPhase;
			buildActionMask = 2147483647;
			files = (
			);
			runOnlyForDeploymentPostprocessing = 0;
		};
		D2AB20171B336E8500807B22 /* Frameworks */ = {
			isa = PBXFrameworksBuildPhase;
			buildActionMask = 2147483647;
			files = (
				D2AB201F1B336E8500807B22 /* Miles.framework in Frameworks */,
			);
			runOnlyForDeploymentPostprocessing = 0;
		};
/* End PBXFrameworksBuildPhase section */

/* Begin PBXGroup section */
		D20880031A9201C100C6D7AC /* Miles */ = {
			isa = PBXGroup;
			children = (
				D20880061A9201C100C6D7AC /* Miles.h */,
				D208801B1A92020B00C6D7AC /* Miles.swift */,
				D20880041A9201C100C6D7AC /* Supporting Files */,
			);
			path = Miles;
			sourceTree = "<group>";
		};
		D20880041A9201C100C6D7AC /* Supporting Files */ = {
			isa = PBXGroup;
			children = (
				D20880051A9201C100C6D7AC /* Info.plist */,
			);
			name = "Supporting Files";
			sourceTree = "<group>";
		};
		D20880101A9201C100C6D7AC /* MilesTests */ = {
			isa = PBXGroup;
			children = (
				D20880131A9201C100C6D7AC /* MilesTests.swift */,
				D20880111A9201C100C6D7AC /* Supporting Files */,
			);
			path = MilesTests;
			sourceTree = "<group>";
		};
		D20880111A9201C100C6D7AC /* Supporting Files */ = {
			isa = PBXGroup;
			children = (
				D20880121A9201C100C6D7AC /* Info.plist */,
			);
			name = "Supporting Files";
			sourceTree = "<group>";
		};
		D20AD9511A91D15D0043E5C5 = {
			isa = PBXGroup;
			children = (
				D20880031A9201C100C6D7AC /* Miles */,
				D20880101A9201C100C6D7AC /* MilesTests */,
				D20AD95B1A91D15D0043E5C5 /* Products */,
			);
			sourceTree = "<group>";
		};
		D20AD95B1A91D15D0043E5C5 /* Products */ = {
			isa = PBXGroup;
			children = (
				D20AD96F1A91D15E0043E5C5 /* Miles-iOSTests.xctest */,
				D20880021A9201C100C6D7AC /* Miles.framework */,
				D202D6771B0DB33500F957C7 /* Miles.framework */,
				D2AB201A1B336E8500807B22 /* Miles-OSXTests.xctest */,
			);
			name = Products;
			sourceTree = "<group>";
		};
/* End PBXGroup section */

/* Begin PBXHeadersBuildPhase section */
		D202D6741B0DB33500F957C7 /* Headers */ = {
			isa = PBXHeadersBuildPhase;
			buildActionMask = 2147483647;
			files = (
				D2F3A00B1B0E11B900986587 /* Miles.h in Headers */,
			);
			runOnlyForDeploymentPostprocessing = 0;
		};
		D2087FFF1A9201C100C6D7AC /* Headers */ = {
			isa = PBXHeadersBuildPhase;
			buildActionMask = 2147483647;
			files = (
				D20880071A9201C100C6D7AC /* Miles.h in Headers */,
			);
			runOnlyForDeploymentPostprocessing = 0;
		};
/* End PBXHeadersBuildPhase section */

/* Begin PBXNativeTarget section */
		D202D6761B0DB33500F957C7 /* Miles-OSX */ = {
			isa = PBXNativeTarget;
			buildConfigurationList = D202D68E1B0DB33500F957C7 /* Build configuration list for PBXNativeTarget "Miles-OSX" */;
			buildPhases = (
				D202D6721B0DB33500F957C7 /* Sources */,
				D202D6731B0DB33500F957C7 /* Frameworks */,
				D202D6741B0DB33500F957C7 /* Headers */,
				D202D6751B0DB33500F957C7 /* Resources */,
			);
			buildRules = (
			);
			dependencies = (
			);
			name = "Miles-OSX";
			productName = "Miles-Mac";
			productReference = D202D6771B0DB33500F957C7 /* Miles.framework */;
			productType = "com.apple.product-type.framework";
		};
		D20880011A9201C100C6D7AC /* Miles-iOS */ = {
			isa = PBXNativeTarget;
			buildConfigurationList = D20880151A9201C100C6D7AC /* Build configuration list for PBXNativeTarget "Miles-iOS" */;
			buildPhases = (
				D2087FFD1A9201C100C6D7AC /* Sources */,
				D2087FFE1A9201C100C6D7AC /* Frameworks */,
				D2087FFF1A9201C100C6D7AC /* Headers */,
				D20880001A9201C100C6D7AC /* Resources */,
			);
			buildRules = (
			);
			dependencies = (
			);
			name = "Miles-iOS";
			productName = Miles;
			productReference = D20880021A9201C100C6D7AC /* Miles.framework */;
			productType = "com.apple.product-type.framework";
		};
		D20AD96E1A91D15E0043E5C5 /* Miles-iOSTests */ = {
			isa = PBXNativeTarget;
			buildConfigurationList = D20AD97C1A91D15E0043E5C5 /* Build configuration list for PBXNativeTarget "Miles-iOSTests" */;
			buildPhases = (
				D20AD96B1A91D15E0043E5C5 /* Sources */,
				D20AD96C1A91D15E0043E5C5 /* Frameworks */,
				D20AD96D1A91D15E0043E5C5 /* Resources */,
			);
			buildRules = (
			);
			dependencies = (
				D20880231A920EC600C6D7AC /* PBXTargetDependency */,
			);
			name = "Miles-iOSTests";
			productName = MilesTests;
			productReference = D20AD96F1A91D15E0043E5C5 /* Miles-iOSTests.xctest */;
			productType = "com.apple.product-type.bundle.unit-test";
		};
		D2AB20191B336E8500807B22 /* Miles-OSXTests */ = {
			isa = PBXNativeTarget;
			buildConfigurationList = D2AB20221B336E8500807B22 /* Build configuration list for PBXNativeTarget "Miles-OSXTests" */;
			buildPhases = (
				D2AB20161B336E8500807B22 /* Sources */,
				D2AB20171B336E8500807B22 /* Frameworks */,
				D2AB20181B336E8500807B22 /* Resources */,
			);
			buildRules = (
			);
			dependencies = (
				D2AB20211B336E8500807B22 /* PBXTargetDependency */,
			);
			name = "Miles-OSXTests";
			productName = "Miles-Mac Tests";
			productReference = D2AB201A1B336E8500807B22 /* Miles-OSXTests.xctest */;
			productType = "com.apple.product-type.bundle.unit-test";
		};
/* End PBXNativeTarget section */

/* Begin PBXProject section */
		D20AD9521A91D15D0043E5C5 /* Project object */ = {
			isa = PBXProject;
			attributes = {
				LastSwiftUpdateCheck = 0700;
				LastUpgradeCheck = 0700;
				ORGANIZATIONNAME = Tastemade;
				TargetAttributes = {
					D202D6761B0DB33500F957C7 = {
						CreatedOnToolsVersion = 6.3.2;
					};
					D20880011A9201C100C6D7AC = {
						CreatedOnToolsVersion = 6.1.1;
					};
					D20AD96E1A91D15E0043E5C5 = {
						CreatedOnToolsVersion = 6.3;
						TestTargetID = D20AD9591A91D15D0043E5C5;
					};
					D2AB20191B336E8500807B22 = {
						CreatedOnToolsVersion = 7.0;
					};
				};
			};
			buildConfigurationList = D20AD9551A91D15D0043E5C5 /* Build configuration list for PBXProject "Miles" */;
			compatibilityVersion = "Xcode 3.2";
			developmentRegion = English;
			hasScannedForEncodings = 0;
			knownRegions = (
				en,
				Base,
			);
			mainGroup = D20AD9511A91D15D0043E5C5;
			productRefGroup = D20AD95B1A91D15D0043E5C5 /* Products */;
			projectDirPath = "";
			projectRoot = "";
			targets = (
				D20880011A9201C100C6D7AC /* Miles-iOS */,
				D20AD96E1A91D15E0043E5C5 /* Miles-iOSTests */,
				D202D6761B0DB33500F957C7 /* Miles-OSX */,
				D2AB20191B336E8500807B22 /* Miles-OSXTests */,
			);
		};
/* End PBXProject section */

/* Begin PBXResourcesBuildPhase section */
		D202D6751B0DB33500F957C7 /* Resources */ = {
			isa = PBXResourcesBuildPhase;
			buildActionMask = 2147483647;
			files = (
			);
			runOnlyForDeploymentPostprocessing = 0;
		};
		D20880001A9201C100C6D7AC /* Resources */ = {
			isa = PBXResourcesBuildPhase;
			buildActionMask = 2147483647;
			files = (
			);
			runOnlyForDeploymentPostprocessing = 0;
		};
		D20AD96D1A91D15E0043E5C5 /* Resources */ = {
			isa = PBXResourcesBuildPhase;
			buildActionMask = 2147483647;
			files = (
			);
			runOnlyForDeploymentPostprocessing = 0;
		};
		D2AB20181B336E8500807B22 /* Resources */ = {
			isa = PBXResourcesBuildPhase;
			buildActionMask = 2147483647;
			files = (
			);
			runOnlyForDeploymentPostprocessing = 0;
		};
/* End PBXResourcesBuildPhase section */

/* Begin PBXSourcesBuildPhase section */
		D202D6721B0DB33500F957C7 /* Sources */ = {
			isa = PBXSourcesBuildPhase;
			buildActionMask = 2147483647;
			files = (
				D202D6901B0DB35700F957C7 /* Miles.swift in Sources */,
			);
			runOnlyForDeploymentPostprocessing = 0;
		};
		D2087FFD1A9201C100C6D7AC /* Sources */ = {
			isa = PBXSourcesBuildPhase;
			buildActionMask = 2147483647;
			files = (
				D24F59791A920FC10055C9F1 /* Miles.swift in Sources */,
			);
			runOnlyForDeploymentPostprocessing = 0;
		};
		D20AD96B1A91D15E0043E5C5 /* Sources */ = {
			isa = PBXSourcesBuildPhase;
			buildActionMask = 2147483647;
			files = (
				D208801E1A9202BF00C6D7AC /* MilesTests.swift in Sources */,
			);
			runOnlyForDeploymentPostprocessing = 0;
		};
		D2AB20161B336E8500807B22 /* Sources */ = {
			isa = PBXSourcesBuildPhase;
			buildActionMask = 2147483647;
			files = (
				D2AB20251B336E8900807B22 /* MilesTests.swift in Sources */,
			);
			runOnlyForDeploymentPostprocessing = 0;
		};
/* End PBXSourcesBuildPhase section */

/* Begin PBXTargetDependency section */
		D20880231A920EC600C6D7AC /* PBXTargetDependency */ = {
			isa = PBXTargetDependency;
			target = D20880011A9201C100C6D7AC /* Miles-iOS */;
			targetProxy = D20880221A920EC600C6D7AC /* PBXContainerItemProxy */;
		};
		D2AB20211B336E8500807B22 /* PBXTargetDependency */ = {
			isa = PBXTargetDependency;
			target = D202D6761B0DB33500F957C7 /* Miles-OSX */;
			targetProxy = D2AB20201B336E8500807B22 /* PBXContainerItemProxy */;
		};
/* End PBXTargetDependency section */

/* Begin XCBuildConfiguration section */
		D202D68A1B0DB33500F957C7 /* Debug */ = {
			isa = XCBuildConfiguration;
			buildSettings = {
				COMBINE_HIDPI_IMAGES = YES;
				CURRENT_PROJECT_VERSION = 1;
				DEFINES_MODULE = YES;
				DYLIB_COMPATIBILITY_VERSION = 1;
				DYLIB_CURRENT_VERSION = 1;
				DYLIB_INSTALL_NAME_BASE = "@rpath";
				FRAMEWORK_SEARCH_PATHS = (
					"$(inherited)",
					"$(DEVELOPER_FRAMEWORKS_DIR)",
					"$(PLATFORM_DIR)/Developer/Library/Frameworks",
				);
				FRAMEWORK_VERSION = A;
				GCC_NO_COMMON_BLOCKS = YES;
				GCC_PREPROCESSOR_DEFINITIONS = (
					"DEBUG=1",
					"$(inherited)",
				);
				INFOPLIST_FILE = Miles/Info.plist;
				INSTALL_PATH = "$(LOCAL_LIBRARY_DIR)/Frameworks";
				LD_RUNPATH_SEARCH_PATHS = "$(inherited) @executable_path/../Frameworks @loader_path/Frameworks";
				MACOSX_DEPLOYMENT_TARGET = 10.10;
				PRODUCT_BUNDLE_IDENTIFIER = "io.hecho.$(PRODUCT_NAME:rfc1034identifier)";
				PRODUCT_NAME = Miles;
				SDKROOT = macosx;
				SKIP_INSTALL = YES;
				VERSIONING_SYSTEM = "apple-generic";
				VERSION_INFO_PREFIX = "";
			};
			name = Debug;
		};
		D202D68B1B0DB33500F957C7 /* Release */ = {
			isa = XCBuildConfiguration;
			buildSettings = {
				COMBINE_HIDPI_IMAGES = YES;
				CURRENT_PROJECT_VERSION = 1;
				DEFINES_MODULE = YES;
				DYLIB_COMPATIBILITY_VERSION = 1;
				DYLIB_CURRENT_VERSION = 1;
				DYLIB_INSTALL_NAME_BASE = "@rpath";
				FRAMEWORK_SEARCH_PATHS = (
					"$(inherited)",
					"$(DEVELOPER_FRAMEWORKS_DIR)",
					"$(PLATFORM_DIR)/Developer/Library/Frameworks",
				);
				FRAMEWORK_VERSION = A;
				GCC_NO_COMMON_BLOCKS = YES;
				INFOPLIST_FILE = Miles/Info.plist;
				INSTALL_PATH = "$(LOCAL_LIBRARY_DIR)/Frameworks";
				LD_RUNPATH_SEARCH_PATHS = "$(inherited) @executable_path/../Frameworks @loader_path/Frameworks";
				MACOSX_DEPLOYMENT_TARGET = 10.10;
				PRODUCT_BUNDLE_IDENTIFIER = "io.hecho.$(PRODUCT_NAME:rfc1034identifier)";
				PRODUCT_NAME = Miles;
				SDKROOT = macosx;
				SKIP_INSTALL = YES;
				VERSIONING_SYSTEM = "apple-generic";
				VERSION_INFO_PREFIX = "";
			};
			name = Release;
		};
		D20880161A9201C100C6D7AC /* Debug */ = {
			isa = XCBuildConfiguration;
			buildSettings = {
				CURRENT_PROJECT_VERSION = 1;
				DEFINES_MODULE = YES;
				DYLIB_COMPATIBILITY_VERSION = 1;
				DYLIB_CURRENT_VERSION = 1;
				DYLIB_INSTALL_NAME_BASE = "@rpath";
				FRAMEWORK_SEARCH_PATHS = (
					"$(inherited)",
					"$(DEVELOPER_FRAMEWORKS_DIR)",
					"$(PLATFORM_DIR)/Developer/Library/Frameworks",
				);
				GCC_PREPROCESSOR_DEFINITIONS = (
					"DEBUG=1",
					"$(inherited)",
				);
				INFOPLIST_FILE = Miles/Info.plist;
				INSTALL_PATH = "$(LOCAL_LIBRARY_DIR)/Frameworks";
				IPHONEOS_DEPLOYMENT_TARGET = 8.1;
				LD_RUNPATH_SEARCH_PATHS = "$(inherited) @executable_path/Frameworks @loader_path/Frameworks";
				PRODUCT_BUNDLE_IDENTIFIER = "io.hecho.$(PRODUCT_NAME:rfc1034identifier)";
				PRODUCT_MODULE_NAME = "$(PRODUCT_NAME:c99extidentifier)";
				PRODUCT_NAME = Miles;
				SKIP_INSTALL = YES;
				VERSIONING_SYSTEM = "apple-generic";
				VERSION_INFO_PREFIX = "";
			};
			name = Debug;
		};
		D20880171A9201C100C6D7AC /* Release */ = {
			isa = XCBuildConfiguration;
			buildSettings = {
				COPY_PHASE_STRIP = YES;
				CURRENT_PROJECT_VERSION = 1;
				DEFINES_MODULE = YES;
				DYLIB_COMPATIBILITY_VERSION = 1;
				DYLIB_CURRENT_VERSION = 1;
				DYLIB_INSTALL_NAME_BASE = "@rpath";
				FRAMEWORK_SEARCH_PATHS = (
					"$(inherited)",
					"$(DEVELOPER_FRAMEWORKS_DIR)",
					"$(PLATFORM_DIR)/Developer/Library/Frameworks",
				);
				INFOPLIST_FILE = Miles/Info.plist;
				INSTALL_PATH = "$(LOCAL_LIBRARY_DIR)/Frameworks";
				IPHONEOS_DEPLOYMENT_TARGET = 8.1;
				LD_RUNPATH_SEARCH_PATHS = "$(inherited) @executable_path/Frameworks @loader_path/Frameworks";
				PRODUCT_BUNDLE_IDENTIFIER = "io.hecho.$(PRODUCT_NAME:rfc1034identifier)";
				PRODUCT_MODULE_NAME = "$(PRODUCT_NAME:c99extidentifier)";
				PRODUCT_NAME = Miles;
				SKIP_INSTALL = YES;
				VERSIONING_SYSTEM = "apple-generic";
				VERSION_INFO_PREFIX = "";
			};
			name = Release;
		};
		D20AD9771A91D15E0043E5C5 /* Debug */ = {
			isa = XCBuildConfiguration;
			buildSettings = {
				ALWAYS_SEARCH_USER_PATHS = NO;
				CLANG_CXX_LANGUAGE_STANDARD = "gnu++0x";
				CLANG_CXX_LIBRARY = "libc++";
				CLANG_ENABLE_MODULES = YES;
				CLANG_ENABLE_OBJC_ARC = YES;
				CLANG_WARN_BOOL_CONVERSION = YES;
				CLANG_WARN_CONSTANT_CONVERSION = YES;
				CLANG_WARN_DIRECT_OBJC_ISA_USAGE = YES_ERROR;
				CLANG_WARN_EMPTY_BODY = YES;
				CLANG_WARN_ENUM_CONVERSION = YES;
				CLANG_WARN_INT_CONVERSION = YES;
				CLANG_WARN_OBJC_ROOT_CLASS = YES_ERROR;
				CLANG_WARN_UNREACHABLE_CODE = YES;
				CLANG_WARN__DUPLICATE_METHOD_MATCH = YES;
				"CODE_SIGN_IDENTITY[sdk=iphoneos*]" = "iPhone Developer";
				COPY_PHASE_STRIP = NO;
				DEBUG_INFORMATION_FORMAT = dwarf;
				DEFINES_MODULE = YES;
				ENABLE_STRICT_OBJC_MSGSEND = YES;
				ENABLE_TESTABILITY = YES;
				GCC_C_LANGUAGE_STANDARD = gnu99;
				GCC_DYNAMIC_NO_PIC = NO;
				GCC_OPTIMIZATION_LEVEL = 0;
				GCC_PREPROCESSOR_DEFINITIONS = (
					"DEBUG=1",
					"$(inherited)",
				);
				GCC_SYMBOLS_PRIVATE_EXTERN = NO;
				GCC_WARN_64_TO_32_BIT_CONVERSION = YES;
				GCC_WARN_ABOUT_RETURN_TYPE = YES_ERROR;
				GCC_WARN_UNDECLARED_SELECTOR = YES;
				GCC_WARN_UNINITIALIZED_AUTOS = YES_AGGRESSIVE;
				GCC_WARN_UNUSED_FUNCTION = YES;
				GCC_WARN_UNUSED_VARIABLE = YES;
				IPHONEOS_DEPLOYMENT_TARGET = 8.3;
				MTL_ENABLE_DEBUG_INFO = YES;
				ONLY_ACTIVE_ARCH = YES;
				SDKROOT = iphoneos;
				SWIFT_OPTIMIZATION_LEVEL = "-Onone";
				TARGETED_DEVICE_FAMILY = "1,2";
			};
			name = Debug;
		};
		D20AD9781A91D15E0043E5C5 /* Release */ = {
			isa = XCBuildConfiguration;
			buildSettings = {
				ALWAYS_SEARCH_USER_PATHS = NO;
				CLANG_CXX_LANGUAGE_STANDARD = "gnu++0x";
				CLANG_CXX_LIBRARY = "libc++";
				CLANG_ENABLE_MODULES = YES;
				CLANG_ENABLE_OBJC_ARC = YES;
				CLANG_WARN_BOOL_CONVERSION = YES;
				CLANG_WARN_CONSTANT_CONVERSION = YES;
				CLANG_WARN_DIRECT_OBJC_ISA_USAGE = YES_ERROR;
				CLANG_WARN_EMPTY_BODY = YES;
				CLANG_WARN_ENUM_CONVERSION = YES;
				CLANG_WARN_INT_CONVERSION = YES;
				CLANG_WARN_OBJC_ROOT_CLASS = YES_ERROR;
				CLANG_WARN_UNREACHABLE_CODE = YES;
				CLANG_WARN__DUPLICATE_METHOD_MATCH = YES;
				"CODE_SIGN_IDENTITY[sdk=iphoneos*]" = "iPhone Developer";
				COPY_PHASE_STRIP = NO;
				DEBUG_INFORMATION_FORMAT = "dwarf-with-dsym";
				DEFINES_MODULE = YES;
				ENABLE_NS_ASSERTIONS = NO;
				ENABLE_STRICT_OBJC_MSGSEND = YES;
				GCC_C_LANGUAGE_STANDARD = gnu99;
				GCC_WARN_64_TO_32_BIT_CONVERSION = YES;
				GCC_WARN_ABOUT_RETURN_TYPE = YES_ERROR;
				GCC_WARN_UNDECLARED_SELECTOR = YES;
				GCC_WARN_UNINITIALIZED_AUTOS = YES_AGGRESSIVE;
				GCC_WARN_UNUSED_FUNCTION = YES;
				GCC_WARN_UNUSED_VARIABLE = YES;
				IPHONEOS_DEPLOYMENT_TARGET = 8.3;
				MTL_ENABLE_DEBUG_INFO = NO;
				SDKROOT = iphoneos;
				TARGETED_DEVICE_FAMILY = "1,2";
				VALIDATE_PRODUCT = YES;
			};
			name = Release;
		};
		D20AD97D1A91D15E0043E5C5 /* Debug */ = {
			isa = XCBuildConfiguration;
			buildSettings = {
				ARCHS = "$(ARCHS_STANDARD)";
				BUNDLE_LOADER = "$(TEST_HOST)";
				FRAMEWORK_SEARCH_PATHS = (
					"$(SDKROOT)/Developer/Library/Frameworks",
					"$(inherited)",
				);
				GCC_PREPROCESSOR_DEFINITIONS = (
					"DEBUG=1",
					"$(inherited)",
				);
				INFOPLIST_FILE = "MilesTests/Supporting Files/Info.plist";
				IPHONEOS_DEPLOYMENT_TARGET = 8.1;
				LD_RUNPATH_SEARCH_PATHS = "$(inherited) @executable_path/Frameworks @loader_path/Frameworks";
				PRODUCT_BUNDLE_IDENTIFIER = "com.tastemade.$(PRODUCT_NAME:rfc1034identifier)";
				PRODUCT_NAME = "$(TARGET_NAME)";
				TEST_HOST = "";
				VALID_ARCHS = "arm64 armv7 armv7s";
			};
			name = Debug;
		};
		D20AD97E1A91D15E0043E5C5 /* Release */ = {
			isa = XCBuildConfiguration;
			buildSettings = {
				ARCHS = "$(ARCHS_STANDARD)";
				BUNDLE_LOADER = "$(TEST_HOST)";
				FRAMEWORK_SEARCH_PATHS = (
					"$(SDKROOT)/Developer/Library/Frameworks",
					"$(inherited)",
				);
				INFOPLIST_FILE = "MilesTests/Supporting Files/Info.plist";
				IPHONEOS_DEPLOYMENT_TARGET = 8.1;
				LD_RUNPATH_SEARCH_PATHS = "$(inherited) @executable_path/Frameworks @loader_path/Frameworks";
				PRODUCT_BUNDLE_IDENTIFIER = "com.tastemade.$(PRODUCT_NAME:rfc1034identifier)";
				PRODUCT_NAME = "$(TARGET_NAME)";
				TEST_HOST = "";
				VALID_ARCHS = "arm64 armv7 armv7s";
			};
			name = Release;
		};
		D2AB20231B336E8500807B22 /* Debug */ = {
			isa = XCBuildConfiguration;
			buildSettings = {
				COMBINE_HIDPI_IMAGES = YES;
				GCC_NO_COMMON_BLOCKS = YES;
				INFOPLIST_FILE = "MilesTests/Supporting Files/Info.plist";
				LD_RUNPATH_SEARCH_PATHS = "$(inherited) @executable_path/../Frameworks @loader_path/../Frameworks";
				MACOSX_DEPLOYMENT_TARGET = 10.11;
				PRODUCT_BUNDLE_IDENTIFIER = "io.hecho.Miles-Mac-Tests";
				PRODUCT_NAME = "$(TARGET_NAME)";
				SDKROOT = macosx;
			};
			name = Debug;
		};
		D2AB20241B336E8500807B22 /* Release */ = {
			isa = XCBuildConfiguration;
			buildSettings = {
				COMBINE_HIDPI_IMAGES = YES;
				GCC_NO_COMMON_BLOCKS = YES;
				INFOPLIST_FILE = "MilesTests/Supporting Files/Info.plist";
				LD_RUNPATH_SEARCH_PATHS = "$(inherited) @executable_path/../Frameworks @loader_path/../Frameworks";
				MACOSX_DEPLOYMENT_TARGET = 10.11;
				PRODUCT_BUNDLE_IDENTIFIER = "io.hecho.Miles-Mac-Tests";
				PRODUCT_NAME = "$(TARGET_NAME)";
				SDKROOT = macosx;
			};
			name = Release;
		};
/* End XCBuildConfiguration section */

/* Begin XCConfigurationList section */
		D202D68E1B0DB33500F957C7 /* Build configuration list for PBXNativeTarget "Miles-OSX" */ = {
			isa = XCConfigurationList;
			buildConfigurations = (
				D202D68A1B0DB33500F957C7 /* Debug */,
				D202D68B1B0DB33500F957C7 /* Release */,
			);
			defaultConfigurationIsVisible = 0;
			defaultConfigurationName = Release;
		};
		D20880151A9201C100C6D7AC /* Build configuration list for PBXNativeTarget "Miles-iOS" */ = {
			isa = XCConfigurationList;
			buildConfigurations = (
				D20880161A9201C100C6D7AC /* Debug */,
				D20880171A9201C100C6D7AC /* Release */,
			);
			defaultConfigurationIsVisible = 0;
			defaultConfigurationName = Release;
		};
		D20AD9551A91D15D0043E5C5 /* Build configuration list for PBXProject "Miles" */ = {
			isa = XCConfigurationList;
			buildConfigurations = (
				D20AD9771A91D15E0043E5C5 /* Debug */,
				D20AD9781A91D15E0043E5C5 /* Release */,
			);
			defaultConfigurationIsVisible = 0;
			defaultConfigurationName = Release;
		};
		D20AD97C1A91D15E0043E5C5 /* Build configuration list for PBXNativeTarget "Miles-iOSTests" */ = {
			isa = XCConfigurationList;
			buildConfigurations = (
				D20AD97D1A91D15E0043E5C5 /* Debug */,
				D20AD97E1A91D15E0043E5C5 /* Release */,
			);
			defaultConfigurationIsVisible = 0;
			defaultConfigurationName = Release;
		};
		D2AB20221B336E8500807B22 /* Build configuration list for PBXNativeTarget "Miles-OSXTests" */ = {
			isa = XCConfigurationList;
			buildConfigurations = (
				D2AB20231B336E8500807B22 /* Debug */,
				D2AB20241B336E8500807B22 /* Release */,
			);
			defaultConfigurationIsVisible = 0;
			defaultConfigurationName = Release;
		};
/* End XCConfigurationList section */
	};
	rootObject = D20AD9521A91D15D0043E5C5 /* Project object */;
}
